# This file is automatically @generated by Cargo.
# It is not intended for manual editing.
version = 3

[[package]]
name = "aho-corasick"
version = "0.7.20"
source = "registry+https://github.com/rust-lang/crates.io-index"
checksum = "cc936419f96fa211c1b9166887b38e5e40b19958e5b895be7c1f93adec7071ac"
dependencies = [
 "memchr",
]

[[package]]
name = "camino"
version = "1.1.4"
source = "registry+https://github.com/rust-lang/crates.io-index"
checksum = "c530edf18f37068ac2d977409ed5cd50d53d73bc653c7647b48eb78976ac9ae2"

[[package]]
name = "deunicode"
version = "1.3.3"
source = "registry+https://github.com/rust-lang/crates.io-index"
checksum = "8c1bba4f227a4a53d12b653f50ca7bf10c9119ae2aba56aff9e0338b5c98f36a"

[[package]]
name = "displaydoc"
version = "0.2.3"
source = "registry+https://github.com/rust-lang/crates.io-index"
checksum = "3bf95dc3f046b9da4f2d51833c0d3547d8564ef6910f5c1ed130306a75b92886"
dependencies = [
 "proc-macro2",
 "quote",
 "syn 1.0.109",
]

[[package]]
name = "lazy-regex"
version = "2.5.0"
source = "registry+https://github.com/rust-lang/crates.io-index"
checksum = "ff63c423c68ea6814b7da9e88ce585f793c87ddd9e78f646970891769c8235d4"
dependencies = [
 "lazy-regex-proc_macros",
 "once_cell",
 "regex",
]

[[package]]
name = "lazy-regex-proc_macros"
version = "2.4.1"
source = "registry+https://github.com/rust-lang/crates.io-index"
checksum = "8edfc11b8f56ce85e207e62ea21557cfa09bb24a8f6b04ae181b086ff8611c22"
dependencies = [
 "proc-macro2",
 "quote",
 "regex",
 "syn 1.0.109",
]

[[package]]
name = "matches"
version = "0.1.10"
source = "registry+https://github.com/rust-lang/crates.io-index"
checksum = "2532096657941c2fea9c289d370a250971c689d4f143798ff67113ec042024a5"

[[package]]
name = "memchr"
version = "2.5.0"
source = "registry+https://github.com/rust-lang/crates.io-index"
checksum = "2dffe52ecf27772e601905b7522cb4ef790d2cc203488bbd0e2fe85fcb74566d"

[[package]]
name = "once_cell"
version = "1.17.1"
source = "registry+https://github.com/rust-lang/crates.io-index"
checksum = "b7e5500299e16ebb147ae15a00a942af264cf3688f47923b8fc2cd5858f23ad3"

[[package]]
name = "pest"
version = "2.5.6"
source = "registry+https://github.com/rust-lang/crates.io-index"
checksum = "8cbd939b234e95d72bc393d51788aec68aeeb5d51e748ca08ff3aad58cb722f7"
dependencies = [
 "thiserror",
 "ucd-trie",
]

[[package]]
name = "proc-macro2"
version = "1.0.53"
source = "registry+https://github.com/rust-lang/crates.io-index"
checksum = "ba466839c78239c09faf015484e5cc04860f88242cff4d03eb038f04b4699b73"
dependencies = [
 "unicode-ident",
]

[[package]]
name = "quote"
version = "1.0.26"
source = "registry+https://github.com/rust-lang/crates.io-index"
checksum = "4424af4bf778aae2051a77b60283332f386554255d722233d09fbfc7e30da2fc"
dependencies = [
 "proc-macro2",
]

[[package]]
name = "regex"
version = "1.7.2"
source = "registry+https://github.com/rust-lang/crates.io-index"
checksum = "cce168fea28d3e05f158bda4576cf0c844d5045bc2cc3620fa0292ed5bb5814c"
dependencies = [
 "aho-corasick",
 "memchr",
 "regex-syntax",
]

[[package]]
name = "regex-syntax"
version = "0.6.29"
source = "registry+https://github.com/rust-lang/crates.io-index"
checksum = "f162c6dd7b008981e4d40210aca20b4bd0f9b60ca9271061b07f78537722f2e1"

[[package]]
name = "rust-vc-compiler-out-of-nowhere"
version = "0.1.1"
dependencies = [
 "camino",
 "deunicode",
 "lazy-regex",
 "pest",
 "regex",
 "tb_normalization",
 "ucd-util",
 "unic",
 "unic-langid",
 "unicode-bidi",
 "unicode-ident",
 "unicode-normalization",
 "unicode-segmentation",
 "unicode-width",
]

[[package]]
name = "syn"
version = "1.0.109"
source = "registry+https://github.com/rust-lang/crates.io-index"
checksum = "72b64191b275b66ffe2469e8af2c1cfe3bafa67b529ead792a6d0160888b4237"
dependencies = [
 "proc-macro2",
 "quote",
 "unicode-ident",
]

[[package]]
name = "syn"
version = "2.0.7"
source = "registry+https://github.com/rust-lang/crates.io-index"
checksum = "9a9a90d19f27bb60792270bb90225f96d97fc5705395134b2ca1dcbb3acc27f4"
dependencies = [
 "proc-macro2",
 "quote",
 "unicode-ident",
]

[[package]]
name = "tb_normalization"
version = "1.0.0"
source = "registry+https://github.com/rust-lang/crates.io-index"
checksum = "3de45304eca2b09c662a41895838e70e0518de209a131425bb64b43d746b78a2"
dependencies = [
 "regex",
 "unicode-normalization",
]

[[package]]
name = "thiserror"
version = "1.0.40"
source = "registry+https://github.com/rust-lang/crates.io-index"
checksum = "978c9a314bd8dc99be594bc3c175faaa9794be04a5a5e153caba6915336cebac"
dependencies = [
 "thiserror-impl",
]

[[package]]
name = "thiserror-impl"
version = "1.0.40"
source = "registry+https://github.com/rust-lang/crates.io-index"
checksum = "f9456a42c5b0d803c8cd86e73dd7cc9edd429499f37a3550d286d5e86720569f"
dependencies = [
 "proc-macro2",
 "quote",
 "syn 2.0.7",
]

[[package]]
name = "tinystr"
version = "0.7.1"
source = "registry+https://github.com/rust-lang/crates.io-index"
checksum = "7ac3f5b6856e931e15e07b478e98c8045239829a65f9156d4fa7e7788197a5ef"
dependencies = [
 "displaydoc",
]

[[package]]
name = "tinyvec"
version = "1.6.0"
source = "registry+https://github.com/rust-lang/crates.io-index"
checksum = "87cc5ceb3875bb20c2890005a4e226a4651264a5c75edb2421b52861a0a0cb50"
dependencies = [
 "tinyvec_macros",
]

[[package]]
name = "tinyvec_macros"
version = "0.1.1"
source = "registry+https://github.com/rust-lang/crates.io-index"
checksum = "1f3ccbac311fea05f86f61904b462b55fb3df8837a366dfc601a0161d0532f20"

[[package]]
name = "ucd-trie"
version = "0.1.5"
source = "registry+https://github.com/rust-lang/crates.io-index"
checksum = "9e79c4d996edb816c91e4308506774452e55e95c3c9de07b6729e17e15a5ef81"

[[package]]
name = "ucd-util"
version = "0.1.10"
source = "registry+https://github.com/rust-lang/crates.io-index"
checksum = "abd2fc5d32b590614af8b0a20d837f32eca055edd0bbead59a9cfe80858be003"

[[package]]
name = "unic"
version = "0.9.0"
source = "registry+https://github.com/rust-lang/crates.io-index"
checksum = "e31748f3e294dc6a9243a44686e8155a162af9a11cd56e07c0ebbc530b2a8a87"
dependencies = [
 "unic-bidi",
 "unic-char",
 "unic-common",
 "unic-emoji",
 "unic-idna",
 "unic-normal",
 "unic-segment",
 "unic-ucd",
]

[[package]]
name = "unic-bidi"
version = "0.9.0"
source = "registry+https://github.com/rust-lang/crates.io-index"
checksum = "1356b759fb6a82050666f11dce4b6fe3571781f1449f3ef78074e408d468ec09"
dependencies = [
 "matches",
 "unic-ucd-bidi",
]

[[package]]
name = "unic-char"
version = "0.9.0"
source = "registry+https://github.com/rust-lang/crates.io-index"
checksum = "af25df79bd134107f088ba725d9c470600f16263205d0be36c75e75b020bac0a"
dependencies = [
 "unic-char-basics",
 "unic-char-property",
 "unic-char-range",
]

[[package]]
name = "unic-char-basics"
version = "0.9.0"
source = "registry+https://github.com/rust-lang/crates.io-index"
checksum = "20e5d239bc6394309225a0c1b13e1d059565ff2cfef1a437aff4a5871fa06c4b"

[[package]]
name = "unic-char-property"
version = "0.9.0"
source = "registry+https://github.com/rust-lang/crates.io-index"
checksum = "a8c57a407d9b6fa02b4795eb81c5b6652060a15a7903ea981f3d723e6c0be221"
dependencies = [
 "unic-char-range",
]

[[package]]
name = "unic-char-range"
version = "0.9.0"
source = "registry+https://github.com/rust-lang/crates.io-index"
checksum = "0398022d5f700414f6b899e10b8348231abf9173fa93144cbc1a43b9793c1fbc"

[[package]]
name = "unic-common"
version = "0.9.0"
source = "registry+https://github.com/rust-lang/crates.io-index"
checksum = "80d7ff825a6a654ee85a63e80f92f054f904f21e7d12da4e22f9834a4aaa35bc"

[[package]]
name = "unic-emoji"
version = "0.9.0"
source = "registry+https://github.com/rust-lang/crates.io-index"
checksum = "74193f32f7966ad20b819e70e29c6f1ac8c386692a9d5e90078eef80ea008bfb"
dependencies = [
 "unic-emoji-char",
]

[[package]]
name = "unic-emoji-char"
version = "0.9.0"
source = "registry+https://github.com/rust-lang/crates.io-index"
checksum = "0b07221e68897210270a38bde4babb655869637af0f69407f96053a34f76494d"
dependencies = [
 "unic-char-property",
 "unic-char-range",
 "unic-ucd-version",
]

[[package]]
name = "unic-idna"
version = "0.9.0"
source = "registry+https://github.com/rust-lang/crates.io-index"
checksum = "621e9cf526f2094d2c2ced579766458a92f8f422d6bb934c503ba1a95823a62d"
dependencies = [
 "matches",
 "unic-idna-mapping",
 "unic-idna-punycode",
 "unic-normal",
 "unic-ucd-bidi",
 "unic-ucd-normal",
 "unic-ucd-version",
]

[[package]]
name = "unic-idna-mapping"
version = "0.9.0"
source = "registry+https://github.com/rust-lang/crates.io-index"
checksum = "4de70fd4e5331537347a50a0dbc938efb1f127c9f6e5efec980fc90585aa1343"
dependencies = [
 "unic-char-property",
 "unic-char-range",
 "unic-ucd-version",
]

[[package]]
name = "unic-idna-punycode"
version = "0.9.0"
source = "registry+https://github.com/rust-lang/crates.io-index"
checksum = "06feaedcbf9f1fc259144d833c0d630b8b15207b0486ab817d29258bc89f2f8a"

[[package]]
name = "unic-langid"
version = "0.9.1"
source = "registry+https://github.com/rust-lang/crates.io-index"
checksum = "398f9ad7239db44fd0f80fe068d12ff22d78354080332a5077dc6f52f14dcf2f"
dependencies = [
 "unic-langid-impl",
]

[[package]]
name = "unic-langid-impl"
version = "0.9.1"
source = "registry+https://github.com/rust-lang/crates.io-index"
checksum = "e35bfd2f2b8796545b55d7d3fd3e89a0613f68a0d1c8bc28cb7ff96b411a35ff"
dependencies = [
 "tinystr",
]

[[package]]
name = "unic-normal"
version = "0.9.0"
source = "registry+https://github.com/rust-lang/crates.io-index"
checksum = "f09d64d33589a94628bc2aeb037f35c2e25f3f049c7348b5aa5580b48e6bba62"
dependencies = [
 "unic-ucd-normal",
]

[[package]]
name = "unic-segment"
version = "0.9.0"
source = "registry+https://github.com/rust-lang/crates.io-index"
checksum = "e4ed5d26be57f84f176157270c112ef57b86debac9cd21daaabbe56db0f88f23"
dependencies = [
 "unic-ucd-segment",
]

[[package]]
name = "unic-ucd"
version = "0.9.0"
source = "registry+https://github.com/rust-lang/crates.io-index"
checksum = "625b18f7601e1127504a20ae731dc3c7826d0e86d5f7fe3434f8137669240efd"
dependencies = [
 "unic-ucd-age",
 "unic-ucd-bidi",
 "unic-ucd-block",
 "unic-ucd-case",
 "unic-ucd-category",
 "unic-ucd-common",
 "unic-ucd-hangul",
 "unic-ucd-ident",
 "unic-ucd-name",
 "unic-ucd-name_aliases",
 "unic-ucd-normal",
 "unic-ucd-segment",
 "unic-ucd-version",
]

[[package]]
name = "unic-ucd-age"
version = "0.9.0"
source = "registry+https://github.com/rust-lang/crates.io-index"
checksum = "6c8cfdfe71af46b871dc6af2c24fcd360e2f3392ee4c5111877f2947f311671c"
dependencies = [
 "unic-char-property",
 "unic-char-range",
 "unic-ucd-version",
]

[[package]]
name = "unic-ucd-bidi"
version = "0.9.0"
source = "registry+https://github.com/rust-lang/crates.io-index"
checksum = "d1d568b51222484e1f8209ce48caa6b430bf352962b877d592c29ab31fb53d8c"
dependencies = [
 "unic-char-property",
 "unic-char-range",
 "unic-ucd-version",
]

[[package]]
name = "unic-ucd-block"
version = "0.9.0"
source = "registry+https://github.com/rust-lang/crates.io-index"
checksum = "6b2a16f2d7ecd25325a1053ca5a66e7fa1b68911a65c5e97f8d2e1b236b6f1d7"
dependencies = [
 "unic-char-property",
 "unic-char-range",
 "unic-ucd-version",
]

[[package]]
name = "unic-ucd-case"
version = "0.9.0"
source = "registry+https://github.com/rust-lang/crates.io-index"
checksum = "3d98d6246a79bac6cf66beee01422bda7c882e11d837fa4969bfaaba5fdea6d3"
dependencies = [
 "unic-char-property",
 "unic-char-range",
 "unic-ucd-version",
]

[[package]]
name = "unic-ucd-category"
version = "0.9.0"
source = "registry+https://github.com/rust-lang/crates.io-index"
checksum = "1b8d4591f5fcfe1bd4453baaf803c40e1b1e69ff8455c47620440b46efef91c0"
dependencies = [
 "matches",
 "unic-char-property",
 "unic-char-range",
 "unic-ucd-version",
]

[[package]]
name = "unic-ucd-common"
version = "0.9.0"
source = "registry+https://github.com/rust-lang/crates.io-index"
checksum = "e9b78b910beafa1aae5c59bf00877c6cece1c5db28a1241ad801e86cecdff4ad"
dependencies = [
 "unic-char-property",
 "unic-char-range",
 "unic-ucd-version",
]

[[package]]
name = "unic-ucd-hangul"
version = "0.9.0"
source = "registry+https://github.com/rust-lang/crates.io-index"
checksum = "eb1dc690e19010e1523edb9713224cba5ef55b54894fe33424439ec9a40c0054"
dependencies = [
 "unic-ucd-version",
]

[[package]]
name = "unic-ucd-ident"
version = "0.9.0"
source = "registry+https://github.com/rust-lang/crates.io-index"
checksum = "e230a37c0381caa9219d67cf063aa3a375ffed5bf541a452db16e744bdab6987"
dependencies = [
 "unic-char-property",
 "unic-char-range",
 "unic-ucd-version",
]

[[package]]
name = "unic-ucd-name"
version = "0.9.0"
source = "registry+https://github.com/rust-lang/crates.io-index"
checksum = "9c8fc55a45b2531089dc1773bf60c1f104b38e434b774ffc37b9c29a9b0f492e"
dependencies = [
 "unic-char-property",
 "unic-ucd-hangul",
 "unic-ucd-version",
]

[[package]]
name = "unic-ucd-name_aliases"
version = "0.9.0"
source = "registry+https://github.com/rust-lang/crates.io-index"
checksum = "6b7674212643087699ba247a63dd05f1204c7e4880ec9342e545a7cffcc6a46f"
dependencies = [
 "unic-char-property",
 "unic-ucd-version",
]

[[package]]
name = "unic-ucd-normal"
version = "0.9.0"
source = "registry+https://github.com/rust-lang/crates.io-index"
checksum = "86aed873b8202d22b13859dda5fe7c001d271412c31d411fd9b827e030569410"
dependencies = [
 "unic-char-property",
 "unic-char-range",
 "unic-ucd-category",
 "unic-ucd-hangul",
 "unic-ucd-version",
]

[[package]]
name = "unic-ucd-segment"
version = "0.9.0"
source = "registry+https://github.com/rust-lang/crates.io-index"
checksum = "2079c122a62205b421f499da10f3ee0f7697f012f55b675e002483c73ea34700"
dependencies = [
 "unic-char-property",
 "unic-char-range",
 "unic-ucd-version",
]

[[package]]
name = "unic-ucd-version"
version = "0.9.0"
source = "registry+https://github.com/rust-lang/crates.io-index"
checksum = "96bd2f2237fe450fcd0a1d2f5f4e91711124f7857ba2e964247776ebeeb7b0c4"
dependencies = [
 "unic-common",
]

[[package]]
name = "unicode-bidi"
version = "0.3.13"
source = "registry+https://github.com/rust-lang/crates.io-index"
checksum = "92888ba5573ff080736b3648696b70cafad7d250551175acbaa4e0385b3e1460"

[[package]]
name = "unicode-ident"
version = "1.0.8"
source = "registry+https://github.com/rust-lang/crates.io-index"
checksum = "e5464a87b239f13a63a501f2701565754bae92d243d4bb7eb12f6d57d2269bf4"

[[package]]
name = "unicode-normalization"
version = "0.1.22"
source = "registry+https://github.com/rust-lang/crates.io-index"
checksum = "5c5713f0fc4b5db668a2ac63cdb7bb4469d8c9fed047b1d0292cc7b0ce2ba921"
dependencies = [
 "tinyvec",
]

[[package]]
name = "unicode-segmentation"
version = "1.10.1"
source = "registry+https://github.com/rust-lang/crates.io-index"
checksum = "1dd624098567895118886609431a7c3b8f516e41d30e0643f03d94592a147e36"

[[package]]
name = "unicode-width"
version = "0.1.10"
source = "registry+https://github.com/rust-lang/crates.io-index"
checksum = "c0edd1e5b14653f783770bce4a4dabb4a5108a5370a5f5d8cfe8710c361f6c8b"
